
Microsoft Visual Studio Solution File, Format Version 12.00
# Visual Studio Version 16
VisualStudioVersion = 16.0.29201.188
MinimumVisualStudioVersion = 10.0.40219.1
Project("{FAE04EC0-301F-11D3-BF4B-00C04F79EFBC}") = "CommonLibs", "CommonLibs\CommonLibs.csproj", "{AE7319DA-C427-4ED6-800B-E57C5511672F}"
EndProject
Project("{FAE04EC0-301F-11D3-BF4B-00C04F79EFBC}") = "Amazon Application", "Amazon Application\Amazon Application.csproj", "{7ADFD791-01CE-499A-86D9-64A36DE54523}"
EndProject
Project("{FAE04EC0-301F-11D3-BF4B-00C04F79EFBC}") = "AmazonTests", "AmazonTests\AmazonTests.csproj", "{057D6407-9E61-484F-BE9A-722C98FAA3AB}"
EndProject
Project("{FAE04EC0-301F-11D3-BF4B-00C04F79EFBC}") = "Guru99Application", "MultiApplication\Guru99Application.csproj", "{C3FA18CB-DE61-4C62-B756-F56FFE251FEF}"
EndProject
Global
	GlobalSection(SolutionConfigurationPlatforms) = preSolution
		Debug|Any CPU = Debug|Any CPU
		Release|Any CPU = Release|Any CPU
	EndGlobalSection
	GlobalSection(ProjectConfigurationPlatforms) = postSolution
		{AE7319DA-C427-4ED6-800B-E57C5511672F}.Debug|Any CPU.ActiveCfg = Debug|Any CPU
		{AE7319DA-C427-4ED6-800B-E57C5511672F}.Debug|Any CPU.Build.0 = Debug|Any CPU
		{AE7319DA-C427-4ED6-800B-E57C5511672F}.Release|Any CPU.ActiveCfg = Release|Any CPU
		{AE7319DA-C427-4ED6-800B-E57C5511672F}.Release|Any CPU.Build.0 = Release|Any CPU
		{7ADFD791-01CE-499A-86D9-64A36DE54523}.Debug|Any CPU.ActiveCfg = Debug|Any CPU
		{7ADFD791-01CE-499A-86D9-64A36DE54523}.Debug|Any CPU.Build.0 = Debug|Any CPU
		{7ADFD791-01CE-499A-86D9-64A36DE54523}.Release|Any CPU.ActiveCfg = Release|Any CPU
		{7ADFD791-01CE-499A-86D9-64A36DE54523}.Release|Any CPU.Build.0 = Release|Any CPU
		{057D6407-9E61-484F-BE9A-722C98FAA3AB}.Debug|Any CPU.ActiveCfg = Debug|Any CPU
		{057D6407-9E61-484F-BE9A-722C98FAA3AB}.Debug|Any CPU.Build.0 = Debug|Any CPU
		{057D6407-9E61-484F-BE9A-722C98FAA3AB}.Release|Any CPU.ActiveCfg = Release|Any CPU
		{057D6407-9E61-484F-BE9A-722C98FAA3AB}.Release|Any CPU.Build.0 = Release|Any CPU
		{C3FA18CB-DE61-4C62-B756-F56FFE251FEF}.Debug|Any CPU.ActiveCfg = Debug|Any CPU
		{C3FA18CB-DE61-4C62-B756-F56FFE251FEF}.Debug|Any CPU.Build.0 = Debug|Any CPU
		{C3FA18CB-DE61-4C62-B756-F56FFE251FEF}.Release|Any CPU.ActiveCfg = Release|Any CPU
		{C3FA18CB-DE61-4C62-B756-F56FFE251FEF}.Release|Any CPU.Build.0 = Release|Any CPU
	EndGlobalSection
	GlobalSection(SolutionProperties) = preSolution
		HideSolutionNode = FALSE
	EndGlobalSection
	GlobalSection(ExtensibilityGlobals) = postSolution
		SolutionGuid = {7FCCA89B-D083-45DF-A3E5-B083D93C2B13}
	EndGlobalSection
EndGlobal
